
Microsoft Visual Studio Solution File, Format Version 12.00
# Visual Studio 14
VisualStudioVersion = 14.0.23107.0
MinimumVisualStudioVersion = 10.0.40219.1
Project("{FAE04EC0-301F-11D3-BF4B-00C04F79EFBC}") = "RingElection", "RingElection\RingElection.csproj", "{5EAB4740-80DA-4C79-8D02-EA263346E1EF}"
EndProject
Project("{FAE04EC0-301F-11D3-BF4B-00C04F79EFBC}") = "RingElection.Test", "RingElection.Test\RingElection.Test.csproj", "{E59E71CF-364E-4AF9-B06E-4FC1B2ACE10C}"
EndProject
Global
	GlobalSection(SolutionConfigurationPlatforms) = preSolution
		Debug|Any CPU = Debug|Any CPU
		Release|Any CPU = Release|Any CPU
	EndGlobalSection
	GlobalSection(ProjectConfigurationPlatforms) = postSolution
		{5EAB4740-80DA-4C79-8D02-EA263346E1EF}.Debug|Any CPU.ActiveCfg = Debug|Any CPU
		{5EAB4740-80DA-4C79-8D02-EA263346E1EF}.Debug|Any CPU.Build.0 = Debug|Any CPU
		{5EAB4740-80DA-4C79-8D02-EA263346E1EF}.Release|Any CPU.ActiveCfg = Release|Any CPU
		{5EAB4740-80DA-4C79-8D02-EA263346E1EF}.Release|Any CPU.Build.0 = Release|Any CPU
		{E59E71CF-364E-4AF9-B06E-4FC1B2ACE10C}.Debug|Any CPU.ActiveCfg = Debug|Any CPU
		{E59E71CF-364E-4AF9-B06E-4FC1B2ACE10C}.Debug|Any CPU.Build.0 = Debug|Any CPU
		{E59E71CF-364E-4AF9-B06E-4FC1B2ACE10C}.Release|Any CPU.ActiveCfg = Release|Any CPU
		{E59E71CF-364E-4AF9-B06E-4FC1B2ACE10C}.Release|Any CPU.Build.0 = Release|Any CPU
	EndGlobalSection
	GlobalSection(SolutionProperties) = preSolution
		HideSolutionNode = FALSE
	EndGlobalSection
EndGlobal
